{
  "name": "render-parts",
  "lockfileVersion": 3,
  "requires": true,
  "packages": {
    "": {
      "name": "render-parts",
      "dependencies": {
        "@iconify-json/logos": "^1.2.15",
        "@iconify-json/simple-icons": "^1.2.99",
        "playwright-core": "^1.56.1",
        "three": "^0.169.0"
      }
    },
    "node_modules/@iconify-json/logos": {
      "version": "1.2.15",
      "resolved": "https://registry.npmjs.org/@iconify-json/logos/-/logos-1.2.15.tgz",
      "integrity": "sha512-87zwqEFatvpcK7lIIp0RnCbDAPWcG8bTK5hZI5SuD71za+opSuqtGvFUiSNt6wiyuY+nolrW/JW1K4/mBczWhQ==",
      "license": "CC0-1.0",
      "dependencies": {
        "@iconify/types": "*"
      }
    },
    "node_modules/@iconify-json/simple-icons": {
      "version": "1.2.99",
      "resolved": "https://registry.npmjs.org/@iconify-json/simple-icons/-/simple-icons-1.2.99.tgz",
      "integrity": "sha512-kouZhqvUoNdxEe+lZksbJJZMCZv4b4Ob62O1GW3fcpz/I0mVPzM+9/Qf/DUuv5ns8l6c46D8M/ubhJjjbLp9HQ==",
      "license": "CC0-1.0",
      "dependencies": {
        "@iconify/types": "*"
      }
    },
    "node_modules/@iconify/types": {
      "version": "2.0.0",
      "resolved": "https://registry.npmjs.org/@iconify/types/-/types-2.0.0.tgz",
      "integrity": "sha512-+wluvCrRhXrhyOmRDJ3q8mux9JkKy5SJ/v8ol2tu4FVjyYvtEzkc/3pK15ET6RKg4b4w4BmTk1+gsCUhf21Ykg==",
      "license": "MIT"
    },
    "node_modules/playwright-core": {
      "version": "1.56.1",
      "resolved": "https://registry.npmjs.org/playwright-core/-/playwright-core-1.56.1.tgz",
      "integrity": "sha512-hutraynyn31F+Bifme+Ps9Vq59hKuUCz7H1kDOcBs+2oGguKkWTU50bBWrtz34OUWmIwpBTWDxaRPXrIXkgvmQ==",
      "license": "Apache-2.0",
      "bin": {
        "playwright-core": "cli.js"
      },
      "engines": {
        "node": ">=18"
      }
    },
    "node_modules/three": {
      "version": "0.169.0",
      "resolved": "https://registry.npmjs.org/three/-/three-0.169.0.tgz",
      "integrity": "sha512-Ed906MA3dR4TS5riErd4QBsRGPcx+HBDX2O5yYE5GqJeFQTPU+M56Va/f/Oph9X7uZo3W3o4l2ZhBZ6f6qUv0w==",
      "license": "MIT"
    }
  }
}
